
Microsoft Visual Studio Solution File, Format Version 12.00
# Visual Studio Version 16
VisualStudioVersion = 16.0.29806.167
MinimumVisualStudioVersion = 10.0.40219.1
Project("{FAE04EC0-301F-11D3-BF4B-00C04F79EFBC}") = "RSM_Automation_Test_UI", "RSM_Automation_Test_UI\RSM_Automation_Test_UI.csproj", "{FAA0AF53-5573-4F9B-B8FC-00530E653638}"
EndProject
Global
	GlobalSection(SolutionConfigurationPlatforms) = preSolution
		Debug|Any CPU = Debug|Any CPU
		Release|Any CPU = Release|Any CPU
	EndGlobalSection
	GlobalSection(ProjectConfigurationPlatforms) = postSolution
		{FAA0AF53-5573-4F9B-B8FC-00530E653638}.Debug|Any CPU.ActiveCfg = Debug|Any CPU
		{FAA0AF53-5573-4F9B-B8FC-00530E653638}.Debug|Any CPU.Build.0 = Debug|Any CPU
		{FAA0AF53-5573-4F9B-B8FC-00530E653638}.Release|Any CPU.ActiveCfg = Release|Any CPU
		{FAA0AF53-5573-4F9B-B8FC-00530E653638}.Release|Any CPU.Build.0 = Release|Any CPU
	EndGlobalSection
	GlobalSection(SolutionProperties) = preSolution
		HideSolutionNode = FALSE
	EndGlobalSection
	GlobalSection(ExtensibilityGlobals) = postSolution
		SolutionGuid = {87A74A7D-A764-49CA-B757-1B6F5BB48BD8}
	EndGlobalSection
EndGlobal
